
Microsoft Visual Studio Solution File, Format Version 12.00
# Visual Studio 2015
Project("{FAE04EC0-301F-11D3-BF4B-00C04F79EFBC}") = "Castle Hero.CSharp", "Castle Hero.CSharp.csproj", "{DC544C21-B2DA-D713-A794-85FF9B1A70FC}"
EndProject
Global
	GlobalSection(SolutionConfigurationPlatforms) = preSolution
		Debug|Any CPU = Debug|Any CPU
		Release|Any CPU = Release|Any CPU
	EndGlobalSection
	GlobalSection(ProjectConfigurationPlatforms) = postSolution
		{DC544C21-B2DA-D713-A794-85FF9B1A70FC}.Debug|Any CPU.ActiveCfg = Debug|Any CPU
		{DC544C21-B2DA-D713-A794-85FF9B1A70FC}.Debug|Any CPU.Build.0 = Debug|Any CPU
		{DC544C21-B2DA-D713-A794-85FF9B1A70FC}.Release|Any CPU.ActiveCfg = Release|Any CPU
		{DC544C21-B2DA-D713-A794-85FF9B1A70FC}.Release|Any CPU.Build.0 = Release|Any CPU
	EndGlobalSection
	GlobalSection(SolutionProperties) = preSolution
		HideSolutionNode = FALSE
	EndGlobalSection
EndGlobal
